
Microsoft Visual Studio Solution File, Format Version 12.00
# Visual Studio 15
VisualStudioVersion = 15.0.28016.0
MinimumVisualStudioVersion = 10.0.40219.1
Project("{FAE04EC0-301F-11D3-BF4B-00C04F79EFBC}") = "PageModel", "OnlineShopping\PageModel\PageModel.csproj", "{8158F5B9-73E7-4124-8DA7-309EAAF22291}"
EndProject
Project("{FAE04EC0-301F-11D3-BF4B-00C04F79EFBC}") = "Tests", "OnlineShopping\Tests\Tests.csproj", "{D8270377-5A37-404F-BF86-7F92853DFE99}"
EndProject
Global
	GlobalSection(SolutionConfigurationPlatforms) = preSolution
		Debug|Any CPU = Debug|Any CPU
		Release|Any CPU = Release|Any CPU
	EndGlobalSection
	GlobalSection(ProjectConfigurationPlatforms) = postSolution
		{8158F5B9-73E7-4124-8DA7-309EAAF22291}.Debug|Any CPU.ActiveCfg = Debug|Any CPU
		{8158F5B9-73E7-4124-8DA7-309EAAF22291}.Debug|Any CPU.Build.0 = Debug|Any CPU
		{8158F5B9-73E7-4124-8DA7-309EAAF22291}.Release|Any CPU.ActiveCfg = Release|Any CPU
		{8158F5B9-73E7-4124-8DA7-309EAAF22291}.Release|Any CPU.Build.0 = Release|Any CPU
		{D8270377-5A37-404F-BF86-7F92853DFE99}.Debug|Any CPU.ActiveCfg = Debug|Any CPU
		{D8270377-5A37-404F-BF86-7F92853DFE99}.Debug|Any CPU.Build.0 = Debug|Any CPU
		{D8270377-5A37-404F-BF86-7F92853DFE99}.Release|Any CPU.ActiveCfg = Release|Any CPU
		{D8270377-5A37-404F-BF86-7F92853DFE99}.Release|Any CPU.Build.0 = Release|Any CPU
	EndGlobalSection
	GlobalSection(SolutionProperties) = preSolution
		HideSolutionNode = FALSE
	EndGlobalSection
	GlobalSection(ExtensibilityGlobals) = postSolution
		SolutionGuid = {AC9A9276-E3FF-4EBB-8E8A-D4373D93F2F0}
	EndGlobalSection
EndGlobal
