
Microsoft Visual Studio Solution File, Format Version 12.00
# Visual Studio 15
VisualStudioVersion = 15.0.28016.0
MinimumVisualStudioVersion = 10.0.40219.1
Project("{FAE04EC0-301F-11D3-BF4B-00C04F79EFBC}") = "WaitHandling", "WaitHandling\WaitHandling.csproj", "{BD999D22-258E-44D8-B593-E0D053A9116A}"
EndProject
Global
	GlobalSection(SolutionConfigurationPlatforms) = preSolution
		Debug|Any CPU = Debug|Any CPU
		Release|Any CPU = Release|Any CPU
	EndGlobalSection
	GlobalSection(ProjectConfigurationPlatforms) = postSolution
		{BD999D22-258E-44D8-B593-E0D053A9116A}.Debug|Any CPU.ActiveCfg = Debug|Any CPU
		{BD999D22-258E-44D8-B593-E0D053A9116A}.Debug|Any CPU.Build.0 = Debug|Any CPU
		{BD999D22-258E-44D8-B593-E0D053A9116A}.Release|Any CPU.ActiveCfg = Release|Any CPU
		{BD999D22-258E-44D8-B593-E0D053A9116A}.Release|Any CPU.Build.0 = Release|Any CPU
	EndGlobalSection
	GlobalSection(SolutionProperties) = preSolution
		HideSolutionNode = FALSE
	EndGlobalSection
	GlobalSection(ExtensibilityGlobals) = postSolution
		SolutionGuid = {C6FD1D90-E2BC-4B7C-809D-F60457F88FC8}
	EndGlobalSection
EndGlobal
