
Microsoft Visual Studio Solution File, Format Version 12.00
# Visual Studio 15
VisualStudioVersion = 15.0.28306.52
MinimumVisualStudioVersion = 10.0.40219.1
Project("{FAE04EC0-301F-11D3-BF4B-00C04F79EFBC}") = "LoadAndPerfTestDemo", "LoadAndPerfTestDemo\LoadAndPerfTestDemo.csproj", "{808726E9-98F3-4848-923E-06DCACA74EC8}"
EndProject
Project("{2150E333-8FDC-42A3-9474-1A3956D46DE8}") = "Solution Items", "Solution Items", "{62660DE5-C772-4674-B02F-8738C77EA9F2}"
	ProjectSection(SolutionItems) = preProject
		Local.testsettings = Local.testsettings
	EndProjectSection
EndProject
Global
	GlobalSection(SolutionConfigurationPlatforms) = preSolution
		Debug|Any CPU = Debug|Any CPU
		Release|Any CPU = Release|Any CPU
	EndGlobalSection
	GlobalSection(ProjectConfigurationPlatforms) = postSolution
		{808726E9-98F3-4848-923E-06DCACA74EC8}.Debug|Any CPU.ActiveCfg = Debug|Any CPU
		{808726E9-98F3-4848-923E-06DCACA74EC8}.Debug|Any CPU.Build.0 = Debug|Any CPU
		{808726E9-98F3-4848-923E-06DCACA74EC8}.Release|Any CPU.ActiveCfg = Release|Any CPU
		{808726E9-98F3-4848-923E-06DCACA74EC8}.Release|Any CPU.Build.0 = Release|Any CPU
	EndGlobalSection
	GlobalSection(SolutionProperties) = preSolution
		HideSolutionNode = FALSE
	EndGlobalSection
	GlobalSection(ExtensibilityGlobals) = postSolution
		SolutionGuid = {C6168E20-F302-4161-93F7-DF888D85098F}
	EndGlobalSection
	GlobalSection(TeamFoundationVersionControl) = preSolution
		SccNumberOfProjects = 2
		SccEnterpriseProvider = {4CA58AB2-18FA-4F8D-95D4-32DDF27D184C}
		SccTeamFoundationServer = https://nilminih.visualstudio.com/
		SccLocalPath0 = .
		SccProjectUniqueName1 = LoadAndPerfTestDemo\\LoadAndPerfTestDemo.csproj
		SccProjectName1 = LoadAndPerfTestDemo
		SccLocalPath1 = LoadAndPerfTestDemo
	EndGlobalSection
EndGlobal
