
Microsoft Visual Studio Solution File, Format Version 12.00
# Visual Studio 15
VisualStudioVersion = 15.0.28016.0
MinimumVisualStudioVersion = 10.0.40219.1
Project("{FAE04EC0-301F-11D3-BF4B-00C04F79EFBC}") = "WaitMechanismComparison", "WaitMechanismComparison\WaitMechanismComparison.csproj", "{5D6FF717-31DC-46D5-B593-4131CE7A730A}"
EndProject
Global
	GlobalSection(SolutionConfigurationPlatforms) = preSolution
		Debug|Any CPU = Debug|Any CPU
		Release|Any CPU = Release|Any CPU
	EndGlobalSection
	GlobalSection(ProjectConfigurationPlatforms) = postSolution
		{5D6FF717-31DC-46D5-B593-4131CE7A730A}.Debug|Any CPU.ActiveCfg = Debug|Any CPU
		{5D6FF717-31DC-46D5-B593-4131CE7A730A}.Debug|Any CPU.Build.0 = Debug|Any CPU
		{5D6FF717-31DC-46D5-B593-4131CE7A730A}.Release|Any CPU.ActiveCfg = Release|Any CPU
		{5D6FF717-31DC-46D5-B593-4131CE7A730A}.Release|Any CPU.Build.0 = Release|Any CPU
	EndGlobalSection
	GlobalSection(SolutionProperties) = preSolution
		HideSolutionNode = FALSE
	EndGlobalSection
	GlobalSection(ExtensibilityGlobals) = postSolution
		SolutionGuid = {9500B564-8390-41E6-B213-7A58960432FC}
	EndGlobalSection
EndGlobal
